// !$*UTF8*$!
{
	archiveVersion = 1;
	classes = {
	};
	objectVersion = 56;
	objects = {

/* Begin PBXBuildFile section */
		1C1CC5422B6FACF900152B16 /* SafariView.swift in Sources */ = {isa = PBXBuildFile; fileRef = 1C1CC5412B6FACF900152B16 /* SafariView.swift */; };
		1C1CC5442B6FD95100152B16 /* folioworking in Resources */ = {isa = PBXBuildFile; fileRef = 1C1CC5432B6FD95100152B16 /* folioworking */; };
		1C1CC5472B6FDC2600152B16 /* GreetingView.swift in Sources */ = {isa = PBXBuildFile; fileRef = 1C1CC5462B6FDC2600152B16 /* GreetingView.swift */; };
		1C1CC5492B6FDC4E00152B16 /* UpcomingTasksView.swift in Sources */ = {isa = PBXBuildFile; fileRef = 1C1CC5482B6FDC4E00152B16 /* UpcomingTasksView.swift */; };
		1C1CC54C2B6FDC7B00152B16 /* DeadlinesView.swift in Sources */ = {isa = PBXBuildFile; fileRef = 1C1CC54B2B6FDC7B00152B16 /* DeadlinesView.swift */; };
		1C1CC54E2B6FDC9A00152B16 /* FeaturedOpportunitiesView.swift in Sources */ = {isa = PBXBuildFile; fileRef = 1C1CC54D2B6FDC9A00152B16 /* FeaturedOpportunitiesView.swift */; };
		1C1CC5502B6FE0AB00152B16 /* TaskView.swift in Sources */ = {isa = PBXBuildFile; fileRef = 1C1CC54F2B6FE0AB00152B16 /* TaskView.swift */; };
		1C1CC5532B6FE0CC00152B16 /* Todo.swift in Sources */ = {isa = PBXBuildFile; fileRef = 1C1CC5522B6FE0CB00152B16 /* Todo.swift */; };
		1C1CC5572B708A2900152B16 /* Colors.swift in Sources */ = {isa = PBXBuildFile; fileRef = 1C1CC5562B708A2900152B16 /* Colors.swift */; };
		1C261D3A2B62CDC2000D2C4C /* PortfolioViewModel.swift in Sources */ = {isa = PBXBuildFile; fileRef = 1C261D392B62CDC2000D2C4C /* PortfolioViewModel.swift */; };
		1C261D3C2B6A07EB000D2C4C /* Extracurricular.swift in Sources */ = {isa = PBXBuildFile; fileRef = 1C261D3B2B6A07EB000D2C4C /* Extracurricular.swift */; };
		1C261D3E2B6A082A000D2C4C /* Award.swift in Sources */ = {isa = PBXBuildFile; fileRef = 1C261D3D2B6A082A000D2C4C /* Award.swift */; };
		1C261D402B6A083C000D2C4C /* TestScore.swift in Sources */ = {isa = PBXBuildFile; fileRef = 1C261D3F2B6A083C000D2C4C /* TestScore.swift */; };
		1C261D432B6A25E7000D2C4C /* EditCourseView.swift in Sources */ = {isa = PBXBuildFile; fileRef = 1C261D422B6A25E7000D2C4C /* EditCourseView.swift */; };
		1C261D452B6A25F4000D2C4C /* EditExtracurricularView.swift in Sources */ = {isa = PBXBuildFile; fileRef = 1C261D442B6A25F4000D2C4C /* EditExtracurricularView.swift */; };
		1C261D472B6A25FF000D2C4C /* EditTestScoreView.swift in Sources */ = {isa = PBXBuildFile; fileRef = 1C261D462B6A25FF000D2C4C /* EditTestScoreView.swift */; };
		1C261D492B6A2611000D2C4C /* EditAwardView.swift in Sources */ = {isa = PBXBuildFile; fileRef = 1C261D482B6A2611000D2C4C /* EditAwardView.swift */; };
		1C261D4C2B6A47A1000D2C4C /* ChatMessage.swift in Sources */ = {isa = PBXBuildFile; fileRef = 1C261D4B2B6A47A1000D2C4C /* ChatMessage.swift */; };
		1C261D4E2B6A4830000D2C4C /* MessageView.swift in Sources */ = {isa = PBXBuildFile; fileRef = 1C261D4D2B6A4830000D2C4C /* MessageView.swift */; };
		1C6A91002B5455CE0048405E /* SurveyView.swift in Sources */ = {isa = PBXBuildFile; fileRef = 1C6A90FF2B5455CE0048405E /* SurveyView.swift */; };
		1C8DFD0B2B522023003B7233 /* FolioApp.swift in Sources */ = {isa = PBXBuildFile; fileRef = 1C8DFD0A2B522023003B7233 /* FolioApp.swift */; };
		1C8DFD0F2B52202C003B7233 /* Assets.xcassets in Resources */ = {isa = PBXBuildFile; fileRef = 1C8DFD0E2B52202C003B7233 /* Assets.xcassets */; };
		1C8DFD122B52202C003B7233 /* Preview Assets.xcassets in Resources */ = {isa = PBXBuildFile; fileRef = 1C8DFD112B52202C003B7233 /* Preview Assets.xcassets */; };
		1C8DFD1C2B52202D003B7233 /* FolioTests.swift in Sources */ = {isa = PBXBuildFile; fileRef = 1C8DFD1B2B52202D003B7233 /* FolioTests.swift */; };
		1C8DFD262B52202D003B7233 /* FolioUITests.swift in Sources */ = {isa = PBXBuildFile; fileRef = 1C8DFD252B52202D003B7233 /* FolioUITests.swift */; };
		1C8DFD282B52202D003B7233 /* FolioUITestsLaunchTests.swift in Sources */ = {isa = PBXBuildFile; fileRef = 1C8DFD272B52202D003B7233 /* FolioUITestsLaunchTests.swift */; };
		1C8DFD3A2B522348003B7233 /* FirebaseAnalytics in Frameworks */ = {isa = PBXBuildFile; productRef = 1C8DFD392B522348003B7233 /* FirebaseAnalytics */; };
		1C8DFD3C2B522348003B7233 /* FirebaseAnalyticsSwift in Frameworks */ = {isa = PBXBuildFile; productRef = 1C8DFD3B2B522348003B7233 /* FirebaseAnalyticsSwift */; };
		1C8DFD3E2B522348003B7233 /* FirebaseAuth in Frameworks */ = {isa = PBXBuildFile; productRef = 1C8DFD3D2B522348003B7233 /* FirebaseAuth */; };
		1C8DFD402B522348003B7233 /* FirebaseCrashlytics in Frameworks */ = {isa = PBXBuildFile; productRef = 1C8DFD3F2B522348003B7233 /* FirebaseCrashlytics */; };
		1C8DFD422B522348003B7233 /* FirebaseDatabase in Frameworks */ = {isa = PBXBuildFile; productRef = 1C8DFD412B522348003B7233 /* FirebaseDatabase */; };
		1C8DFD442B522348003B7233 /* FirebaseDatabaseSwift in Frameworks */ = {isa = PBXBuildFile; productRef = 1C8DFD432B522348003B7233 /* FirebaseDatabaseSwift */; };
		1C8DFD462B522348003B7233 /* FirebaseMessaging in Frameworks */ = {isa = PBXBuildFile; productRef = 1C8DFD452B522348003B7233 /* FirebaseMessaging */; };
		1C8DFD4F2B522A5D003B7233 /* StartingView.swift in Sources */ = {isa = PBXBuildFile; fileRef = 1C8DFD4E2B522A5D003B7233 /* StartingView.swift */; };
		1C8DFD512B5233EF003B7233 /* AuthenticationManager.swift in Sources */ = {isa = PBXBuildFile; fileRef = 1C8DFD502B5233EF003B7233 /* AuthenticationManager.swift */; };
		1C8DFD532B523AF4003B7233 /* RootView.swift in Sources */ = {isa = PBXBuildFile; fileRef = 1C8DFD522B523AF4003B7233 /* RootView.swift */; };
		1C8DFD552B523EB1003B7233 /* SettingsView.swift in Sources */ = {isa = PBXBuildFile; fileRef = 1C8DFD542B523EB1003B7233 /* SettingsView.swift */; };
		1C8DFD572B524F3F003B7233 /* GoogleService-Info.plist in Resources */ = {isa = PBXBuildFile; fileRef = 1C8DFD562B524F3F003B7233 /* GoogleService-Info.plist */; };
		1C8DFD582B524F3F003B7233 /* GoogleService-Info.plist in Resources */ = {isa = PBXBuildFile; fileRef = 1C8DFD562B524F3F003B7233 /* GoogleService-Info.plist */; };
		1C8DFD592B524F3F003B7233 /* GoogleService-Info.plist in Resources */ = {isa = PBXBuildFile; fileRef = 1C8DFD562B524F3F003B7233 /* GoogleService-Info.plist */; };
		1CAD0C392B759CD6006F9828 /* SavedOpportunitiesView.swift in Sources */ = {isa = PBXBuildFile; fileRef = 1CAD0C382B759CD6006F9828 /* SavedOpportunitiesView.swift */; };
		1CAD0C3C2B75A23A006F9828 /* SavedOpportunitiesViewModel.swift in Sources */ = {isa = PBXBuildFile; fileRef = 1CAD0C3B2B75A23A006F9828 /* SavedOpportunitiesViewModel.swift */; };
		1CAD0C3E2B772E75006F9828 /* VerificationView.swift in Sources */ = {isa = PBXBuildFile; fileRef = 1CAD0C3D2B772E75006F9828 /* VerificationView.swift */; };
		1CB97EE72B6AD60C00DAD30C /* Opportunity.swift in Sources */ = {isa = PBXBuildFile; fileRef = 1CB97EE62B6AD60C00DAD30C /* Opportunity.swift */; };
		1CB97EE92B6AD6DC00DAD30C /* OpportunitiesViewModel.swift in Sources */ = {isa = PBXBuildFile; fileRef = 1CB97EE82B6AD6DC00DAD30C /* OpportunitiesViewModel.swift */; };
		1CB97EEB2B6AD6FC00DAD30C /* opportunities.json in Resources */ = {isa = PBXBuildFile; fileRef = 1CB97EEA2B6AD6FC00DAD30C /* opportunities.json */; };
		1CB97EED2B6AE9F600DAD30C /* OpportunityCard.swift in Sources */ = {isa = PBXBuildFile; fileRef = 1CB97EEC2B6AE9F600DAD30C /* OpportunityCard.swift */; };
		1CB97EF02B6AF5A800DAD30C /* OpportunityDetailsView.swift in Sources */ = {isa = PBXBuildFile; fileRef = 1CB97EEF2B6AF5A800DAD30C /* OpportunityDetailsView.swift */; };
		1CB97EF42B6C81C400DAD30C /* FilteredOpportunitiesView.swift in Sources */ = {isa = PBXBuildFile; fileRef = 1CB97EF32B6C81C400DAD30C /* FilteredOpportunitiesView.swift */; };
		1CC221C42B5F232D00FBC7E4 /* SignInView.swift in Sources */ = {isa = PBXBuildFile; fileRef = 1CC221C32B5F232D00FBC7E4 /* SignInView.swift */; };
		1CC221C62B5F29D400FBC7E4 /* SignUpView.swift in Sources */ = {isa = PBXBuildFile; fileRef = 1CC221C52B5F29D400FBC7E4 /* SignUpView.swift */; };
		1CC221C82B5F2B2300FBC7E4 /* SignInEmailViewModel.swift in Sources */ = {isa = PBXBuildFile; fileRef = 1CC221C72B5F2B2300FBC7E4 /* SignInEmailViewModel.swift */; };
		1CC221CA2B603BD400FBC7E4 /* HomeView.swift in Sources */ = {isa = PBXBuildFile; fileRef = 1CC221C92B603BD400FBC7E4 /* HomeView.swift */; };
		1CC221CC2B605F6200FBC7E4 /* PortfolioView.swift in Sources */ = {isa = PBXBuildFile; fileRef = 1CC221CB2B605F6100FBC7E4 /* PortfolioView.swift */; };
		1CC221CE2B605FAE00FBC7E4 /* ChatView.swift in Sources */ = {isa = PBXBuildFile; fileRef = 1CC221CD2B605FAE00FBC7E4 /* ChatView.swift */; };
		1CC221D02B605FEB00FBC7E4 /* OpportunitiesView.swift in Sources */ = {isa = PBXBuildFile; fileRef = 1CC221CF2B605FEB00FBC7E4 /* OpportunitiesView.swift */; };
		1CC221D32B60625400FBC7E4 /* NavBar.swift in Sources */ = {isa = PBXBuildFile; fileRef = 1CC221D22B60625400FBC7E4 /* NavBar.swift */; };
		1CD942322B61511E0022D119 /* BackgroundModifier.swift in Sources */ = {isa = PBXBuildFile; fileRef = 1CD942312B61511E0022D119 /* BackgroundModifier.swift */; };
		1CD942382B61F0DF0022D119 /* FirebaseFirestore in Frameworks */ = {isa = PBXBuildFile; productRef = 1CD942372B61F0DF0022D119 /* FirebaseFirestore */; };
		1CD9423A2B61F0E70022D119 /* FirebaseFirestoreSwift in Frameworks */ = {isa = PBXBuildFile; productRef = 1CD942392B61F0E70022D119 /* FirebaseFirestoreSwift */; };
		1CD9423D2B6212520022D119 /* CoursesView.swift in Sources */ = {isa = PBXBuildFile; fileRef = 1CD9423C2B6212520022D119 /* CoursesView.swift */; };
		1CD9423F2B62125E0022D119 /* ExtracurricularsView.swift in Sources */ = {isa = PBXBuildFile; fileRef = 1CD9423E2B62125E0022D119 /* ExtracurricularsView.swift */; };
		1CD942412B62126B0022D119 /* TestScoresView.swift in Sources */ = {isa = PBXBuildFile; fileRef = 1CD942402B62126B0022D119 /* TestScoresView.swift */; };
		1CD942432B6212810022D119 /* AwardsView.swift in Sources */ = {isa = PBXBuildFile; fileRef = 1CD942422B6212810022D119 /* AwardsView.swift */; };
		1CD942472B62138D0022D119 /* AddCourseView.swift in Sources */ = {isa = PBXBuildFile; fileRef = 1CD942462B62138D0022D119 /* AddCourseView.swift */; };
		1CD942492B6213AB0022D119 /* AddExtracurricularView.swift in Sources */ = {isa = PBXBuildFile; fileRef = 1CD942482B6213AB0022D119 /* AddExtracurricularView.swift */; };
		1CD9424B2B6213B60022D119 /* AddTestScoreView.swift in Sources */ = {isa = PBXBuildFile; fileRef = 1CD9424A2B6213B60022D119 /* AddTestScoreView.swift */; };
		1CD9424D2B6213D30022D119 /* AddAwardView.swift in Sources */ = {isa = PBXBuildFile; fileRef = 1CD9424C2B6213D30022D119 /* AddAwardView.swift */; };
		1CD942502B62C3C90022D119 /* Course.swift in Sources */ = {isa = PBXBuildFile; fileRef = 1CD9424F2B62C3C90022D119 /* Course.swift */; };
/* End PBXBuildFile section */

/* Begin PBXContainerItemProxy section */
		1C8DFD182B52202D003B7233 /* PBXContainerItemProxy */ = {
			isa = PBXContainerItemProxy;
			containerPortal = 1C8DFCFF2B522023003B7233 /* Project object */;
			proxyType = 1;
			remoteGlobalIDString = 1C8DFD062B522023003B7233;
			remoteInfo = Jaleo;
		};
		1C8DFD222B52202D003B7233 /* PBXContainerItemProxy */ = {
			isa = PBXContainerItemProxy;
			containerPortal = 1C8DFCFF2B522023003B7233 /* Project object */;
			proxyType = 1;
			remoteGlobalIDString = 1C8DFD062B522023003B7233;
			remoteInfo = Jaleo;
		};
/* End PBXContainerItemProxy section */

/* Begin PBXFileReference section */
		1C1CC5412B6FACF900152B16 /* SafariView.swift */ = {isa = PBXFileReference; lastKnownFileType = sourcecode.swift; path = SafariView.swift; sourceTree = "<group>"; };
		1C1CC5432B6FD95100152B16 /* folioworking */ = {isa = PBXFileReference; lastKnownFileType = folder; name = folioworking; path = ../folioworking; sourceTree = "<group>"; };
		1C1CC5462B6FDC2600152B16 /* GreetingView.swift */ = {isa = PBXFileReference; lastKnownFileType = sourcecode.swift; path = GreetingView.swift; sourceTree = "<group>"; };
		1C1CC5482B6FDC4E00152B16 /* UpcomingTasksView.swift */ = {isa = PBXFileReference; lastKnownFileType = sourcecode.swift; path = UpcomingTasksView.swift; sourceTree = "<group>"; };
		1C1CC54B2B6FDC7B00152B16 /* DeadlinesView.swift */ = {isa = PBXFileReference; lastKnownFileType = sourcecode.swift; path = DeadlinesView.swift; sourceTree = "<group>"; };
		1C1CC54D2B6FDC9A00152B16 /* FeaturedOpportunitiesView.swift */ = {isa = PBXFileReference; lastKnownFileType = sourcecode.swift; path = FeaturedOpportunitiesView.swift; sourceTree = "<group>"; };
		1C1CC54F2B6FE0AB00152B16 /* TaskView.swift */ = {isa = PBXFileReference; lastKnownFileType = sourcecode.swift; path = TaskView.swift; sourceTree = "<group>"; };
		1C1CC5522B6FE0CB00152B16 /* Todo.swift */ = {isa = PBXFileReference; lastKnownFileType = sourcecode.swift; path = Todo.swift; sourceTree = "<group>"; };
		1C1CC5562B708A2900152B16 /* Colors.swift */ = {isa = PBXFileReference; lastKnownFileType = sourcecode.swift; path = Colors.swift; sourceTree = "<group>"; };
		1C261D392B62CDC2000D2C4C /* PortfolioViewModel.swift */ = {isa = PBXFileReference; lastKnownFileType = sourcecode.swift; path = PortfolioViewModel.swift; sourceTree = "<group>"; };
		1C261D3B2B6A07EB000D2C4C /* Extracurricular.swift */ = {isa = PBXFileReference; lastKnownFileType = sourcecode.swift; path = Extracurricular.swift; sourceTree = "<group>"; };
		1C261D3D2B6A082A000D2C4C /* Award.swift */ = {isa = PBXFileReference; lastKnownFileType = sourcecode.swift; path = Award.swift; sourceTree = "<group>"; };
		1C261D3F2B6A083C000D2C4C /* TestScore.swift */ = {isa = PBXFileReference; lastKnownFileType = sourcecode.swift; path = TestScore.swift; sourceTree = "<group>"; };
		1C261D422B6A25E7000D2C4C /* EditCourseView.swift */ = {isa = PBXFileReference; lastKnownFileType = sourcecode.swift; path = EditCourseView.swift; sourceTree = "<group>"; };
		1C261D442B6A25F4000D2C4C /* EditExtracurricularView.swift */ = {isa = PBXFileReference; lastKnownFileType = sourcecode.swift; path = EditExtracurricularView.swift; sourceTree = "<group>"; };
		1C261D462B6A25FF000D2C4C /* EditTestScoreView.swift */ = {isa = PBXFileReference; lastKnownFileType = sourcecode.swift; path = EditTestScoreView.swift; sourceTree = "<group>"; };
		1C261D482B6A2611000D2C4C /* EditAwardView.swift */ = {isa = PBXFileReference; lastKnownFileType = sourcecode.swift; path = EditAwardView.swift; sourceTree = "<group>"; };
		1C261D4B2B6A47A1000D2C4C /* ChatMessage.swift */ = {isa = PBXFileReference; lastKnownFileType = sourcecode.swift; path = ChatMessage.swift; sourceTree = "<group>"; };
		1C261D4D2B6A4830000D2C4C /* MessageView.swift */ = {isa = PBXFileReference; lastKnownFileType = sourcecode.swift; path = MessageView.swift; sourceTree = "<group>"; };
		1C6A90FF2B5455CE0048405E /* SurveyView.swift */ = {isa = PBXFileReference; lastKnownFileType = sourcecode.swift; path = SurveyView.swift; sourceTree = "<group>"; };
		1C8DFD072B522023003B7233 /* Folio.app */ = {isa = PBXFileReference; explicitFileType = wrapper.application; includeInIndex = 0; path = Folio.app; sourceTree = BUILT_PRODUCTS_DIR; };
		1C8DFD0A2B522023003B7233 /* FolioApp.swift */ = {isa = PBXFileReference; lastKnownFileType = sourcecode.swift; path = FolioApp.swift; sourceTree = "<group>"; };
		1C8DFD0E2B52202C003B7233 /* Assets.xcassets */ = {isa = PBXFileReference; lastKnownFileType = folder.assetcatalog; path = Assets.xcassets; sourceTree = "<group>"; };
		1C8DFD112B52202C003B7233 /* Preview Assets.xcassets */ = {isa = PBXFileReference; lastKnownFileType = folder.assetcatalog; path = "Preview Assets.xcassets"; sourceTree = "<group>"; };
		1C8DFD172B52202D003B7233 /* FolioTests.xctest */ = {isa = PBXFileReference; explicitFileType = wrapper.cfbundle; includeInIndex = 0; path = FolioTests.xctest; sourceTree = BUILT_PRODUCTS_DIR; };
		1C8DFD1B2B52202D003B7233 /* FolioTests.swift */ = {isa = PBXFileReference; lastKnownFileType = sourcecode.swift; path = FolioTests.swift; sourceTree = "<group>"; };
		1C8DFD212B52202D003B7233 /* FolioUITests.xctest */ = {isa = PBXFileReference; explicitFileType = wrapper.cfbundle; includeInIndex = 0; path = FolioUITests.xctest; sourceTree = BUILT_PRODUCTS_DIR; };
		1C8DFD252B52202D003B7233 /* FolioUITests.swift */ = {isa = PBXFileReference; lastKnownFileType = sourcecode.swift; path = FolioUITests.swift; sourceTree = "<group>"; };
		1C8DFD272B52202D003B7233 /* FolioUITestsLaunchTests.swift */ = {isa = PBXFileReference; lastKnownFileType = sourcecode.swift; path = FolioUITestsLaunchTests.swift; sourceTree = "<group>"; };
		1C8DFD4E2B522A5D003B7233 /* StartingView.swift */ = {isa = PBXFileReference; lastKnownFileType = sourcecode.swift; path = StartingView.swift; sourceTree = "<group>"; };
		1C8DFD502B5233EF003B7233 /* AuthenticationManager.swift */ = {isa = PBXFileReference; lastKnownFileType = sourcecode.swift; path = AuthenticationManager.swift; sourceTree = "<group>"; };
		1C8DFD522B523AF4003B7233 /* RootView.swift */ = {isa = PBXFileReference; lastKnownFileType = sourcecode.swift; path = RootView.swift; sourceTree = "<group>"; };
		1C8DFD542B523EB1003B7233 /* SettingsView.swift */ = {isa = PBXFileReference; lastKnownFileType = sourcecode.swift; path = SettingsView.swift; sourceTree = "<group>"; };
		1C8DFD562B524F3F003B7233 /* GoogleService-Info.plist */ = {isa = PBXFileReference; fileEncoding = 4; lastKnownFileType = text.plist.xml; name = "GoogleService-Info.plist"; path = "../../../../Downloads/GoogleService-Info.plist"; sourceTree = "<group>"; };
		1CAD0C382B759CD6006F9828 /* SavedOpportunitiesView.swift */ = {isa = PBXFileReference; lastKnownFileType = sourcecode.swift; path = SavedOpportunitiesView.swift; sourceTree = "<group>"; };
		1CAD0C3B2B75A23A006F9828 /* SavedOpportunitiesViewModel.swift */ = {isa = PBXFileReference; lastKnownFileType = sourcecode.swift; path = SavedOpportunitiesViewModel.swift; sourceTree = "<group>"; };
		1CAD0C3D2B772E75006F9828 /* VerificationView.swift */ = {isa = PBXFileReference; lastKnownFileType = sourcecode.swift; path = VerificationView.swift; sourceTree = "<group>"; };
		1CB97EE22B6A4E2900DAD30C /* server.js */ = {isa = PBXFileReference; lastKnownFileType = sourcecode.javascript; path = server.js; sourceTree = "<group>"; };
		1CB97EE62B6AD60C00DAD30C /* Opportunity.swift */ = {isa = PBXFileReference; lastKnownFileType = sourcecode.swift; path = Opportunity.swift; sourceTree = "<group>"; };
		1CB97EE82B6AD6DC00DAD30C /* OpportunitiesViewModel.swift */ = {isa = PBXFileReference; lastKnownFileType = sourcecode.swift; path = OpportunitiesViewModel.swift; sourceTree = "<group>"; };
		1CB97EEA2B6AD6FC00DAD30C /* opportunities.json */ = {isa = PBXFileReference; fileEncoding = 4; lastKnownFileType = text.json; path = opportunities.json; sourceTree = "<group>"; };
		1CB97EEC2B6AE9F600DAD30C /* OpportunityCard.swift */ = {isa = PBXFileReference; lastKnownFileType = sourcecode.swift; path = OpportunityCard.swift; sourceTree = "<group>"; };
		1CB97EEF2B6AF5A800DAD30C /* OpportunityDetailsView.swift */ = {isa = PBXFileReference; lastKnownFileType = sourcecode.swift; path = OpportunityDetailsView.swift; sourceTree = "<group>"; };
		1CB97EF32B6C81C400DAD30C /* FilteredOpportunitiesView.swift */ = {isa = PBXFileReference; lastKnownFileType = sourcecode.swift; path = FilteredOpportunitiesView.swift; sourceTree = "<group>"; };
		1CC221C32B5F232D00FBC7E4 /* SignInView.swift */ = {isa = PBXFileReference; lastKnownFileType = sourcecode.swift; path = SignInView.swift; sourceTree = "<group>"; };
		1CC221C52B5F29D400FBC7E4 /* SignUpView.swift */ = {isa = PBXFileReference; lastKnownFileType = sourcecode.swift; path = SignUpView.swift; sourceTree = "<group>"; };
		1CC221C72B5F2B2300FBC7E4 /* SignInEmailViewModel.swift */ = {isa = PBXFileReference; lastKnownFileType = sourcecode.swift; path = SignInEmailViewModel.swift; sourceTree = "<group>"; };
		1CC221C92B603BD400FBC7E4 /* HomeView.swift */ = {isa = PBXFileReference; lastKnownFileType = sourcecode.swift; path = HomeView.swift; sourceTree = "<group>"; };
		1CC221CB2B605F6100FBC7E4 /* PortfolioView.swift */ = {isa = PBXFileReference; lastKnownFileType = sourcecode.swift; path = PortfolioView.swift; sourceTree = "<group>"; };
		1CC221CD2B605FAE00FBC7E4 /* ChatView.swift */ = {isa = PBXFileReference; lastKnownFileType = sourcecode.swift; path = ChatView.swift; sourceTree = "<group>"; };
		1CC221CF2B605FEB00FBC7E4 /* OpportunitiesView.swift */ = {isa = PBXFileReference; lastKnownFileType = sourcecode.swift; path = OpportunitiesView.swift; sourceTree = "<group>"; };
		1CC221D22B60625400FBC7E4 /* NavBar.swift */ = {isa = PBXFileReference; lastKnownFileType = sourcecode.swift; path = NavBar.swift; sourceTree = "<group>"; };
		1CD942312B61511E0022D119 /* BackgroundModifier.swift */ = {isa = PBXFileReference; lastKnownFileType = sourcecode.swift; path = BackgroundModifier.swift; sourceTree = "<group>"; };
		1CD9423C2B6212520022D119 /* CoursesView.swift */ = {isa = PBXFileReference; lastKnownFileType = sourcecode.swift; path = CoursesView.swift; sourceTree = "<group>"; };
		1CD9423E2B62125E0022D119 /* ExtracurricularsView.swift */ = {isa = PBXFileReference; lastKnownFileType = sourcecode.swift; path = ExtracurricularsView.swift; sourceTree = "<group>"; };
		1CD942402B62126B0022D119 /* TestScoresView.swift */ = {isa = PBXFileReference; lastKnownFileType = sourcecode.swift; path = TestScoresView.swift; sourceTree = "<group>"; };
		1CD942422B6212810022D119 /* AwardsView.swift */ = {isa = PBXFileReference; lastKnownFileType = sourcecode.swift; path = AwardsView.swift; sourceTree = "<group>"; };
		1CD942462B62138D0022D119 /* AddCourseView.swift */ = {isa = PBXFileReference; lastKnownFileType = sourcecode.swift; path = AddCourseView.swift; sourceTree = "<group>"; };
		1CD942482B6213AB0022D119 /* AddExtracurricularView.swift */ = {isa = PBXFileReference; lastKnownFileType = sourcecode.swift; path = AddExtracurricularView.swift; sourceTree = "<group>"; };
		1CD9424A2B6213B60022D119 /* AddTestScoreView.swift */ = {isa = PBXFileReference; lastKnownFileType = sourcecode.swift; path = AddTestScoreView.swift; sourceTree = "<group>"; };
		1CD9424C2B6213D30022D119 /* AddAwardView.swift */ = {isa = PBXFileReference; lastKnownFileType = sourcecode.swift; path = AddAwardView.swift; sourceTree = "<group>"; };
		1CD9424F2B62C3C90022D119 /* Course.swift */ = {isa = PBXFileReference; lastKnownFileType = sourcecode.swift; path = Course.swift; sourceTree = "<group>"; };
/* End PBXFileReference section */

/* Begin PBXFrameworksBuildPhase section */
		1C8DFD042B522023003B7233 /* Frameworks */ = {
			isa = PBXFrameworksBuildPhase;
			buildActionMask = 2147483647;
			files = (
				1C8DFD442B522348003B7233 /* FirebaseDatabaseSwift in Frameworks */,
				1C8DFD422B522348003B7233 /* FirebaseDatabase in Frameworks */,
				1C8DFD462B522348003B7233 /* FirebaseMessaging in Frameworks */,
				1C8DFD3C2B522348003B7233 /* FirebaseAnalyticsSwift in Frameworks */,
				1C8DFD402B522348003B7233 /* FirebaseCrashlytics in Frameworks */,
				1CD942382B61F0DF0022D119 /* FirebaseFirestore in Frameworks */,
				1C8DFD3E2B522348003B7233 /* FirebaseAuth in Frameworks */,
				1C8DFD3A2B522348003B7233 /* FirebaseAnalytics in Frameworks */,
				1CD9423A2B61F0E70022D119 /* FirebaseFirestoreSwift in Frameworks */,
			);
			runOnlyForDeploymentPostprocessing = 0;
		};
		1C8DFD142B52202D003B7233 /* Frameworks */ = {
			isa = PBXFrameworksBuildPhase;
			buildActionMask = 2147483647;
			files = (
			);
			runOnlyForDeploymentPostprocessing = 0;
		};
		1C8DFD1E2B52202D003B7233 /* Frameworks */ = {
			isa = PBXFrameworksBuildPhase;
			buildActionMask = 2147483647;
			files = (
			);
			runOnlyForDeploymentPostprocessing = 0;
		};
/* End PBXFrameworksBuildPhase section */

/* Begin PBXGroup section */
		1C1CC5452B6FDBFB00152B16 /* Homepage Views */ = {
			isa = PBXGroup;
			children = (
				1C1CC5512B6FE0B400152B16 /* Data models */,
				1CC221C92B603BD400FBC7E4 /* HomeView.swift */,
				1C1CC5462B6FDC2600152B16 /* GreetingView.swift */,
				1C1CC5482B6FDC4E00152B16 /* UpcomingTasksView.swift */,
				1C1CC54B2B6FDC7B00152B16 /* DeadlinesView.swift */,
				1C1CC54D2B6FDC9A00152B16 /* FeaturedOpportunitiesView.swift */,
				1C1CC54F2B6FE0AB00152B16 /* TaskView.swift */,
			);
			path = "Homepage Views";
			sourceTree = "<group>";
		};
		1C1CC5512B6FE0B400152B16 /* Data models */ = {
			isa = PBXGroup;
			children = (
				1C1CC5522B6FE0CB00152B16 /* Todo.swift */,
			);
			path = "Data models";
			sourceTree = "<group>";
		};
		1C261D412B6A25C5000D2C4C /* Item Edit Views */ = {
			isa = PBXGroup;
			children = (
				1C261D422B6A25E7000D2C4C /* EditCourseView.swift */,
				1C261D442B6A25F4000D2C4C /* EditExtracurricularView.swift */,
				1C261D462B6A25FF000D2C4C /* EditTestScoreView.swift */,
				1C261D482B6A2611000D2C4C /* EditAwardView.swift */,
			);
			path = "Item Edit Views";
			sourceTree = "<group>";
		};
		1C261D4A2B6A4788000D2C4C /* Chat Views */ = {
			isa = PBXGroup;
			children = (
				1CC221CD2B605FAE00FBC7E4 /* ChatView.swift */,
				1C261D4B2B6A47A1000D2C4C /* ChatMessage.swift */,
				1C261D4D2B6A4830000D2C4C /* MessageView.swift */,
			);
			path = "Chat Views";
			sourceTree = "<group>";
		};
		1C261D502B6A4B5C000D2C4C /* Server */ = {
			isa = PBXGroup;
			children = (
				1CB97EE22B6A4E2900DAD30C /* server.js */,
			);
			path = Server;
			sourceTree = "<group>";
		};
		1C8DFCFE2B522023003B7233 = {
			isa = PBXGroup;
			children = (
				1C1CC5432B6FD95100152B16 /* folioworking */,
				1C8DFD092B522023003B7233 /* Folio */,
				1C8DFD1A2B52202D003B7233 /* FolioTests */,
				1C8DFD242B52202D003B7233 /* FolioUITests */,
				1C8DFD082B522023003B7233 /* Products */,
				1CD942362B61F0DF0022D119 /* Frameworks */,
			);
			sourceTree = "<group>";
		};
		1C8DFD082B522023003B7233 /* Products */ = {
			isa = PBXGroup;
			children = (
				1C8DFD072B522023003B7233 /* Folio.app */,
				1C8DFD172B52202D003B7233 /* FolioTests.xctest */,
				1C8DFD212B52202D003B7233 /* FolioUITests.xctest */,
			);
			name = Products;
			sourceTree = "<group>";
		};
		1C8DFD092B522023003B7233 /* Folio */ = {
			isa = PBXGroup;
			children = (
				1C261D502B6A4B5C000D2C4C /* Server */,
				1CD942332B616FEA0022D119 /* Images */,
				1C8DFD562B524F3F003B7233 /* GoogleService-Info.plist */,
				1C8DFD0E2B52202C003B7233 /* Assets.xcassets */,
				1C8DFD0A2B522023003B7233 /* FolioApp.swift */,
				1C8DFD522B523AF4003B7233 /* RootView.swift */,
				1CD9422F2B6150F40022D119 /* Reusable Views */,
				1CC221D12B60623B00FBC7E4 /* Main App */,
				1C8DFD472B5225C2003B7233 /* Login */,
				1C8DFD102B52202C003B7233 /* Preview Content */,
				1C1CC5562B708A2900152B16 /* Colors.swift */,
			);
			path = Folio;
			sourceTree = "<group>";
		};
		1C8DFD102B52202C003B7233 /* Preview Content */ = {
			isa = PBXGroup;
			children = (
				1C8DFD112B52202C003B7233 /* Preview Assets.xcassets */,
			);
			path = "Preview Content";
			sourceTree = "<group>";
		};
		1C8DFD1A2B52202D003B7233 /* FolioTests */ = {
			isa = PBXGroup;
			children = (
				1C8DFD1B2B52202D003B7233 /* FolioTests.swift */,
			);
			path = FolioTests;
			sourceTree = "<group>";
		};
		1C8DFD242B52202D003B7233 /* FolioUITests */ = {
			isa = PBXGroup;
			children = (
				1C8DFD252B52202D003B7233 /* FolioUITests.swift */,
				1C8DFD272B52202D003B7233 /* FolioUITestsLaunchTests.swift */,
			);
			path = FolioUITests;
			sourceTree = "<group>";
		};
		1C8DFD472B5225C2003B7233 /* Login */ = {
			isa = PBXGroup;
			children = (
				1C8DFD4E2B522A5D003B7233 /* StartingView.swift */,
				1C8DFD502B5233EF003B7233 /* AuthenticationManager.swift */,
				1C6A90FF2B5455CE0048405E /* SurveyView.swift */,
				1CC221C32B5F232D00FBC7E4 /* SignInView.swift */,
				1CC221C52B5F29D400FBC7E4 /* SignUpView.swift */,
				1CC221C72B5F2B2300FBC7E4 /* SignInEmailViewModel.swift */,
				1CAD0C3D2B772E75006F9828 /* VerificationView.swift */,
			);
			path = Login;
			sourceTree = "<group>";
		};
		1CAD0C3A2B75A201006F9828 /* Profile Views */ = {
			isa = PBXGroup;
			children = (
				1CAD0C382B759CD6006F9828 /* SavedOpportunitiesView.swift */,
				1C8DFD542B523EB1003B7233 /* SettingsView.swift */,
				1CAD0C3B2B75A23A006F9828 /* SavedOpportunitiesViewModel.swift */,
			);
			path = "Profile Views";
			sourceTree = "<group>";
		};
		1CB97EE32B6AD1A300DAD30C /* Opportunity Views */ = {
			isa = PBXGroup;
			children = (
				1CB97EEE2B6AF55400DAD30C /* Data model */,
				1CB97EEA2B6AD6FC00DAD30C /* opportunities.json */,
				1CC221CF2B605FEB00FBC7E4 /* OpportunitiesView.swift */,
				1CB97EE82B6AD6DC00DAD30C /* OpportunitiesViewModel.swift */,
				1CB97EEC2B6AE9F600DAD30C /* OpportunityCard.swift */,
				1CB97EEF2B6AF5A800DAD30C /* OpportunityDetailsView.swift */,
				1CB97EF32B6C81C400DAD30C /* FilteredOpportunitiesView.swift */,
				1C1CC5412B6FACF900152B16 /* SafariView.swift */,
			);
			path = "Opportunity Views";
			sourceTree = "<group>";
		};
		1CB97EEE2B6AF55400DAD30C /* Data model */ = {
			isa = PBXGroup;
			children = (
				1CB97EE62B6AD60C00DAD30C /* Opportunity.swift */,
			);
			path = "Data model";
			sourceTree = "<group>";
		};
		1CC221D12B60623B00FBC7E4 /* Main App */ = {
			isa = PBXGroup;
			children = (
				1CAD0C3A2B75A201006F9828 /* Profile Views */,
				1C1CC5452B6FDBFB00152B16 /* Homepage Views */,
				1CB97EE32B6AD1A300DAD30C /* Opportunity Views */,
				1C261D4A2B6A4788000D2C4C /* Chat Views */,
				1CD9423B2B6212370022D119 /* Portfolio Views */,
				1CC221D22B60625400FBC7E4 /* NavBar.swift */,
			);
			path = "Main App";
			sourceTree = "<group>";
		};
		1CD9422F2B6150F40022D119 /* Reusable Views */ = {
			isa = PBXGroup;
			children = (
				1CD942312B61511E0022D119 /* BackgroundModifier.swift */,
			);
			path = "Reusable Views";
			sourceTree = "<group>";
		};
		1CD942332B616FEA0022D119 /* Images */ = {
			isa = PBXGroup;
			children = (
			);
			path = Images;
			sourceTree = "<group>";
		};
		1CD942362B61F0DF0022D119 /* Frameworks */ = {
			isa = PBXGroup;
			children = (
			);
			name = Frameworks;
			sourceTree = "<group>";
		};
		1CD9423B2B6212370022D119 /* Portfolio Views */ = {
			isa = PBXGroup;
			children = (
				1CD9424E2B62C3B10022D119 /* Portfolio Data Models */,
				1CD942452B6213680022D119 /* Add Views */,
				1CD942442B62135C0022D119 /* List Edit Views */,
				1CC221CB2B605F6100FBC7E4 /* PortfolioView.swift */,
			);
			path = "Portfolio Views";
			sourceTree = "<group>";
		};
		1CD942442B62135C0022D119 /* List Edit Views */ = {
			isa = PBXGroup;
			children = (
				1C261D412B6A25C5000D2C4C /* Item Edit Views */,
				1CD9423C2B6212520022D119 /* CoursesView.swift */,
				1CD9423E2B62125E0022D119 /* ExtracurricularsView.swift */,
				1CD942402B62126B0022D119 /* TestScoresView.swift */,
				1CD942422B6212810022D119 /* AwardsView.swift */,
			);
			path = "List Edit Views";
			sourceTree = "<group>";
		};
		1CD942452B6213680022D119 /* Add Views */ = {
			isa = PBXGroup;
			children = (
				1CD942462B62138D0022D119 /* AddCourseView.swift */,
				1CD942482B6213AB0022D119 /* AddExtracurricularView.swift */,
				1CD9424A2B6213B60022D119 /* AddTestScoreView.swift */,
				1CD9424C2B6213D30022D119 /* AddAwardView.swift */,
			);
			path = "Add Views";
			sourceTree = "<group>";
		};
		1CD9424E2B62C3B10022D119 /* Portfolio Data Models */ = {
			isa = PBXGroup;
			children = (
				1CD9424F2B62C3C90022D119 /* Course.swift */,
				1C261D392B62CDC2000D2C4C /* PortfolioViewModel.swift */,
				1C261D3B2B6A07EB000D2C4C /* Extracurricular.swift */,
				1C261D3D2B6A082A000D2C4C /* Award.swift */,
				1C261D3F2B6A083C000D2C4C /* TestScore.swift */,
			);
			path = "Portfolio Data Models";
			sourceTree = "<group>";
		};
/* End PBXGroup section */

/* Begin PBXNativeTarget section */
		1C8DFD062B522023003B7233 /* Folio */ = {
			isa = PBXNativeTarget;
			buildConfigurationList = 1C8DFD2B2B52202D003B7233 /* Build configuration list for PBXNativeTarget "Folio" */;
			buildPhases = (
				1C8DFD032B522023003B7233 /* Sources */,
				1C8DFD042B522023003B7233 /* Frameworks */,
				1C8DFD052B522023003B7233 /* Resources */,
			);
			buildRules = (
			);
			dependencies = (
			);
			name = Folio;
			packageProductDependencies = (
				1C8DFD392B522348003B7233 /* FirebaseAnalytics */,
				1C8DFD3B2B522348003B7233 /* FirebaseAnalyticsSwift */,
				1C8DFD3D2B522348003B7233 /* FirebaseAuth */,
				1C8DFD3F2B522348003B7233 /* FirebaseCrashlytics */,
				1C8DFD412B522348003B7233 /* FirebaseDatabase */,
				1C8DFD432B522348003B7233 /* FirebaseDatabaseSwift */,
				1C8DFD452B522348003B7233 /* FirebaseMessaging */,
				1CD942372B61F0DF0022D119 /* FirebaseFirestore */,
				1CD942392B61F0E70022D119 /* FirebaseFirestoreSwift */,
			);
			productName = Jaleo;
			productReference = 1C8DFD072B522023003B7233 /* Folio.app */;
			productType = "com.apple.product-type.application";
		};
		1C8DFD162B52202D003B7233 /* FolioTests */ = {
			isa = PBXNativeTarget;
			buildConfigurationList = 1C8DFD2E2B52202D003B7233 /* Build configuration list for PBXNativeTarget "FolioTests" */;
			buildPhases = (
				1C8DFD132B52202D003B7233 /* Sources */,
				1C8DFD142B52202D003B7233 /* Frameworks */,
				1C8DFD152B52202D003B7233 /* Resources */,
			);
			buildRules = (
			);
			dependencies = (
				1C8DFD192B52202D003B7233 /* PBXTargetDependency */,
			);
			name = FolioTests;
			productName = JaleoTests;
			productReference = 1C8DFD172B52202D003B7233 /* FolioTests.xctest */;
			productType = "com.apple.product-type.bundle.unit-test";
		};
		1C8DFD202B52202D003B7233 /* FolioUITests */ = {
			isa = PBXNativeTarget;
			buildConfigurationList = 1C8DFD312B52202D003B7233 /* Build configuration list for PBXNativeTarget "FolioUITests" */;
			buildPhases = (
				1C8DFD1D2B52202D003B7233 /* Sources */,
				1C8DFD1E2B52202D003B7233 /* Frameworks */,
				1C8DFD1F2B52202D003B7233 /* Resources */,
			);
			buildRules = (
			);
			dependencies = (
				1C8DFD232B52202D003B7233 /* PBXTargetDependency */,
			);
			name = FolioUITests;
			productName = JaleoUITests;
			productReference = 1C8DFD212B52202D003B7233 /* FolioUITests.xctest */;
			productType = "com.apple.product-type.bundle.ui-testing";
		};
/* End PBXNativeTarget section */

/* Begin PBXProject section */
		1C8DFCFF2B522023003B7233 /* Project object */ = {
			isa = PBXProject;
			attributes = {
				BuildIndependentTargetsInParallel = 1;
				LastSwiftUpdateCheck = 1500;
				LastUpgradeCheck = 1500;
				TargetAttributes = {
					1C8DFD062B522023003B7233 = {
						CreatedOnToolsVersion = 15.0.1;
					};
					1C8DFD162B52202D003B7233 = {
						CreatedOnToolsVersion = 15.0.1;
						TestTargetID = 1C8DFD062B522023003B7233;
					};
					1C8DFD202B52202D003B7233 = {
						CreatedOnToolsVersion = 15.0.1;
						TestTargetID = 1C8DFD062B522023003B7233;
					};
				};
			};
			buildConfigurationList = 1C8DFD022B522023003B7233 /* Build configuration list for PBXProject "Folio" */;
			compatibilityVersion = "Xcode 14.0";
			developmentRegion = en;
			hasScannedForEncodings = 0;
			knownRegions = (
				en,
				Base,
			);
			mainGroup = 1C8DFCFE2B522023003B7233;
			packageReferences = (
				1C8DFD382B522348003B7233 /* XCRemoteSwiftPackageReference "firebase-ios-sdk" */,
			);
			productRefGroup = 1C8DFD082B522023003B7233 /* Products */;
			projectDirPath = "";
			projectRoot = "";
			targets = (
				1C8DFD062B522023003B7233 /* Folio */,
				1C8DFD162B52202D003B7233 /* FolioTests */,
				1C8DFD202B52202D003B7233 /* FolioUITests */,
			);
		};
/* End PBXProject section */

/* Begin PBXResourcesBuildPhase section */
		1C8DFD052B522023003B7233 /* Resources */ = {
			isa = PBXResourcesBuildPhase;
			buildActionMask = 2147483647;
			files = (
				1C8DFD122B52202C003B7233 /* Preview Assets.xcassets in Resources */,
				1C8DFD572B524F3F003B7233 /* GoogleService-Info.plist in Resources */,
				1CB97EEB2B6AD6FC00DAD30C /* opportunities.json in Resources */,
				1C1CC5442B6FD95100152B16 /* folioworking in Resources */,
				1C8DFD0F2B52202C003B7233 /* Assets.xcassets in Resources */,
			);
			runOnlyForDeploymentPostprocessing = 0;
		};
		1C8DFD152B52202D003B7233 /* Resources */ = {
			isa = PBXResourcesBuildPhase;
			buildActionMask = 2147483647;
			files = (
				1C8DFD582B524F3F003B7233 /* GoogleService-Info.plist in Resources */,
			);
			runOnlyForDeploymentPostprocessing = 0;
		};
		1C8DFD1F2B52202D003B7233 /* Resources */ = {
			isa = PBXResourcesBuildPhase;
			buildActionMask = 2147483647;
			files = (
				1C8DFD592B524F3F003B7233 /* GoogleService-Info.plist in Resources */,
			);
			runOnlyForDeploymentPostprocessing = 0;
		};
/* End PBXResourcesBuildPhase section */

/* Begin PBXSourcesBuildPhase section */
		1C8DFD032B522023003B7233 /* Sources */ = {
			isa = PBXSourcesBuildPhase;
			buildActionMask = 2147483647;
			files = (
				1CD942502B62C3C90022D119 /* Course.swift in Sources */,
				1C261D3E2B6A082A000D2C4C /* Award.swift in Sources */,
				1CB97EE92B6AD6DC00DAD30C /* OpportunitiesViewModel.swift in Sources */,
				1C261D4E2B6A4830000D2C4C /* MessageView.swift in Sources */,
				1C1CC5422B6FACF900152B16 /* SafariView.swift in Sources */,
				1CC221C42B5F232D00FBC7E4 /* SignInView.swift in Sources */,
				1CD9424B2B6213B60022D119 /* AddTestScoreView.swift in Sources */,
				1C8DFD552B523EB1003B7233 /* SettingsView.swift in Sources */,
				1CB97EF02B6AF5A800DAD30C /* OpportunityDetailsView.swift in Sources */,
				1C1CC5472B6FDC2600152B16 /* GreetingView.swift in Sources */,
				1CAD0C392B759CD6006F9828 /* SavedOpportunitiesView.swift in Sources */,
				1C1CC5572B708A2900152B16 /* Colors.swift in Sources */,
				1C1CC54C2B6FDC7B00152B16 /* DeadlinesView.swift in Sources */,
				1C261D3A2B62CDC2000D2C4C /* PortfolioViewModel.swift in Sources */,
				1C8DFD0B2B522023003B7233 /* FolioApp.swift in Sources */,
				1C8DFD532B523AF4003B7233 /* RootView.swift in Sources */,
				1CD942472B62138D0022D119 /* AddCourseView.swift in Sources */,
				1CC221CE2B605FAE00FBC7E4 /* ChatView.swift in Sources */,
				1CD942432B6212810022D119 /* AwardsView.swift in Sources */,
				1CD942412B62126B0022D119 /* TestScoresView.swift in Sources */,
				1C1CC5502B6FE0AB00152B16 /* TaskView.swift in Sources */,
				1CC221CA2B603BD400FBC7E4 /* HomeView.swift in Sources */,
				1CB97EF42B6C81C400DAD30C /* FilteredOpportunitiesView.swift in Sources */,
				1C6A91002B5455CE0048405E /* SurveyView.swift in Sources */,
				1CC221CC2B605F6200FBC7E4 /* PortfolioView.swift in Sources */,
				1CC221C62B5F29D400FBC7E4 /* SignUpView.swift in Sources */,
				1CB97EE72B6AD60C00DAD30C /* Opportunity.swift in Sources */,
				1CC221D02B605FEB00FBC7E4 /* OpportunitiesView.swift in Sources */,
				1CC221C82B5F2B2300FBC7E4 /* SignInEmailViewModel.swift in Sources */,
				1C261D492B6A2611000D2C4C /* EditAwardView.swift in Sources */,
				1CD9423D2B6212520022D119 /* CoursesView.swift in Sources */,
				1C261D3C2B6A07EB000D2C4C /* Extracurricular.swift in Sources */,
				1CC221D32B60625400FBC7E4 /* NavBar.swift in Sources */,
				1CD942492B6213AB0022D119 /* AddExtracurricularView.swift in Sources */,
				1CAD0C3C2B75A23A006F9828 /* SavedOpportunitiesViewModel.swift in Sources */,
				1CAD0C3E2B772E75006F9828 /* VerificationView.swift in Sources */,
				1CB97EED2B6AE9F600DAD30C /* OpportunityCard.swift in Sources */,
				1C261D402B6A083C000D2C4C /* TestScore.swift in Sources */,
				1CD9423F2B62125E0022D119 /* ExtracurricularsView.swift in Sources */,
				1C1CC5492B6FDC4E00152B16 /* UpcomingTasksView.swift in Sources */,
				1C8DFD4F2B522A5D003B7233 /* StartingView.swift in Sources */,
				1CD942322B61511E0022D119 /* BackgroundModifier.swift in Sources */,
				1C261D4C2B6A47A1000D2C4C /* ChatMessage.swift in Sources */,
				1C1CC54E2B6FDC9A00152B16 /* FeaturedOpportunitiesView.swift in Sources */,
				1C261D472B6A25FF000D2C4C /* EditTestScoreView.swift in Sources */,
				1CD9424D2B6213D30022D119 /* AddAwardView.swift in Sources */,
				1C261D452B6A25F4000D2C4C /* EditExtracurricularView.swift in Sources */,
				1C8DFD512B5233EF003B7233 /* AuthenticationManager.swift in Sources */,
				1C261D432B6A25E7000D2C4C /* EditCourseView.swift in Sources */,
				1C1CC5532B6FE0CC00152B16 /* Todo.swift in Sources */,
			);
			runOnlyForDeploymentPostprocessing = 0;
		};
		1C8DFD132B52202D003B7233 /* Sources */ = {
			isa = PBXSourcesBuildPhase;
			buildActionMask = 2147483647;
			files = (
				1C8DFD1C2B52202D003B7233 /* FolioTests.swift in Sources */,
			);
			runOnlyForDeploymentPostprocessing = 0;
		};
		1C8DFD1D2B52202D003B7233 /* Sources */ = {
			isa = PBXSourcesBuildPhase;
			buildActionMask = 2147483647;
			files = (
				1C8DFD282B52202D003B7233 /* FolioUITestsLaunchTests.swift in Sources */,
				1C8DFD262B52202D003B7233 /* FolioUITests.swift in Sources */,
			);
			runOnlyForDeploymentPostprocessing = 0;
		};
/* End PBXSourcesBuildPhase section */

/* Begin PBXTargetDependency section */
		1C8DFD192B52202D003B7233 /* PBXTargetDependency */ = {
			isa = PBXTargetDependency;
			target = 1C8DFD062B522023003B7233 /* Folio */;
			targetProxy = 1C8DFD182B52202D003B7233 /* PBXContainerItemProxy */;
		};
		1C8DFD232B52202D003B7233 /* PBXTargetDependency */ = {
			isa = PBXTargetDependency;
			target = 1C8DFD062B522023003B7233 /* Folio */;
			targetProxy = 1C8DFD222B52202D003B7233 /* PBXContainerItemProxy */;
		};
/* End PBXTargetDependency section */

/* Begin XCBuildConfiguration section */
		1C8DFD292B52202D003B7233 /* Debug */ = {
			isa = XCBuildConfiguration;
			buildSettings = {
				ALWAYS_SEARCH_USER_PATHS = NO;
				ASSETCATALOG_COMPILER_GENERATE_SWIFT_ASSET_SYMBOL_EXTENSIONS = YES;
				CLANG_ANALYZER_NONNULL = YES;
				CLANG_ANALYZER_NUMBER_OBJECT_CONVERSION = YES_AGGRESSIVE;
				CLANG_CXX_LANGUAGE_STANDARD = "gnu++20";
				CLANG_ENABLE_MODULES = YES;
				CLANG_ENABLE_OBJC_ARC = YES;
				CLANG_ENABLE_OBJC_WEAK = YES;
				CLANG_WARN_BLOCK_CAPTURE_AUTORELEASING = YES;
				CLANG_WARN_BOOL_CONVERSION = YES;
				CLANG_WARN_COMMA = YES;
				CLANG_WARN_CONSTANT_CONVERSION = YES;
				CLANG_WARN_DEPRECATED_OBJC_IMPLEMENTATIONS = YES;
				CLANG_WARN_DIRECT_OBJC_ISA_USAGE = YES_ERROR;
				CLANG_WARN_DOCUMENTATION_COMMENTS = YES;
				CLANG_WARN_EMPTY_BODY = YES;
				CLANG_WARN_ENUM_CONVERSION = YES;
				CLANG_WARN_INFINITE_RECURSION = YES;
				CLANG_WARN_INT_CONVERSION = YES;
				CLANG_WARN_NON_LITERAL_NULL_CONVERSION = YES;
				CLANG_WARN_OBJC_IMPLICIT_RETAIN_SELF = YES;
				CLANG_WARN_OBJC_LITERAL_CONVERSION = YES;
				CLANG_WARN_OBJC_ROOT_CLASS = YES_ERROR;
				CLANG_WARN_QUOTED_INCLUDE_IN_FRAMEWORK_HEADER = YES;
				CLANG_WARN_RANGE_LOOP_ANALYSIS = YES;
				CLANG_WARN_STRICT_PROTOTYPES = YES;
				CLANG_WARN_SUSPICIOUS_MOVE = YES;
				CLANG_WARN_UNGUARDED_AVAILABILITY = YES_AGGRESSIVE;
				CLANG_WARN_UNREACHABLE_CODE = YES;
				CLANG_WARN__DUPLICATE_METHOD_MATCH = YES;
				COPY_PHASE_STRIP = NO;
				DEBUG_INFORMATION_FORMAT = dwarf;
				ENABLE_STRICT_OBJC_MSGSEND = YES;
				ENABLE_TESTABILITY = YES;
				ENABLE_USER_SCRIPT_SANDBOXING = YES;
				GCC_C_LANGUAGE_STANDARD = gnu17;
				GCC_DYNAMIC_NO_PIC = NO;
				GCC_NO_COMMON_BLOCKS = YES;
				GCC_OPTIMIZATION_LEVEL = 0;
				GCC_PREPROCESSOR_DEFINITIONS = (
					"DEBUG=1",
					"$(inherited)",
				);
				GCC_WARN_64_TO_32_BIT_CONVERSION = YES;
				GCC_WARN_ABOUT_RETURN_TYPE = YES_ERROR;
				GCC_WARN_UNDECLARED_SELECTOR = YES;
				GCC_WARN_UNINITIALIZED_AUTOS = YES_AGGRESSIVE;
				GCC_WARN_UNUSED_FUNCTION = YES;
				GCC_WARN_UNUSED_VARIABLE = YES;
				IPHONEOS_DEPLOYMENT_TARGET = 17.0;
				LOCALIZATION_PREFERS_STRING_CATALOGS = YES;
				MTL_ENABLE_DEBUG_INFO = INCLUDE_SOURCE;
				MTL_FAST_MATH = YES;
				ONLY_ACTIVE_ARCH = YES;
				SDKROOT = iphoneos;
				SWIFT_ACTIVE_COMPILATION_CONDITIONS = "DEBUG $(inherited)";
				SWIFT_OPTIMIZATION_LEVEL = "-Onone";
			};
			name = Debug;
		};
		1C8DFD2A2B52202D003B7233 /* Release */ = {
			isa = XCBuildConfiguration;
			buildSettings = {
				ALWAYS_SEARCH_USER_PATHS = NO;
				ASSETCATALOG_COMPILER_GENERATE_SWIFT_ASSET_SYMBOL_EXTENSIONS = YES;
				CLANG_ANALYZER_NONNULL = YES;
				CLANG_ANALYZER_NUMBER_OBJECT_CONVERSION = YES_AGGRESSIVE;
				CLANG_CXX_LANGUAGE_STANDARD = "gnu++20";
				CLANG_ENABLE_MODULES = YES;
				CLANG_ENABLE_OBJC_ARC = YES;
				CLANG_ENABLE_OBJC_WEAK = YES;
				CLANG_WARN_BLOCK_CAPTURE_AUTORELEASING = YES;
				CLANG_WARN_BOOL_CONVERSION = YES;
				CLANG_WARN_COMMA = YES;
				CLANG_WARN_CONSTANT_CONVERSION = YES;
				CLANG_WARN_DEPRECATED_OBJC_IMPLEMENTATIONS = YES;
				CLANG_WARN_DIRECT_OBJC_ISA_USAGE = YES_ERROR;
				CLANG_WARN_DOCUMENTATION_COMMENTS = YES;
				CLANG_WARN_EMPTY_BODY = YES;
				CLANG_WARN_ENUM_CONVERSION = YES;
				CLANG_WARN_INFINITE_RECURSION = YES;
				CLANG_WARN_INT_CONVERSION = YES;
				CLANG_WARN_NON_LITERAL_NULL_CONVERSION = YES;
				CLANG_WARN_OBJC_IMPLICIT_RETAIN_SELF = YES;
				CLANG_WARN_OBJC_LITERAL_CONVERSION = YES;
				CLANG_WARN_OBJC_ROOT_CLASS = YES_ERROR;
				CLANG_WARN_QUOTED_INCLUDE_IN_FRAMEWORK_HEADER = YES;
				CLANG_WARN_RANGE_LOOP_ANALYSIS = YES;
				CLANG_WARN_STRICT_PROTOTYPES = YES;
				CLANG_WARN_SUSPICIOUS_MOVE = YES;
				CLANG_WARN_UNGUARDED_AVAILABILITY = YES_AGGRESSIVE;
				CLANG_WARN_UNREACHABLE_CODE = YES;
				CLANG_WARN__DUPLICATE_METHOD_MATCH = YES;
				COPY_PHASE_STRIP = NO;
				DEBUG_INFORMATION_FORMAT = "dwarf-with-dsym";
				ENABLE_NS_ASSERTIONS = NO;
				ENABLE_STRICT_OBJC_MSGSEND = YES;
				ENABLE_USER_SCRIPT_SANDBOXING = YES;
				GCC_C_LANGUAGE_STANDARD = gnu17;
				GCC_NO_COMMON_BLOCKS = YES;
				GCC_WARN_64_TO_32_BIT_CONVERSION = YES;
				GCC_WARN_ABOUT_RETURN_TYPE = YES_ERROR;
				GCC_WARN_UNDECLARED_SELECTOR = YES;
				GCC_WARN_UNINITIALIZED_AUTOS = YES_AGGRESSIVE;
				GCC_WARN_UNUSED_FUNCTION = YES;
				GCC_WARN_UNUSED_VARIABLE = YES;
				IPHONEOS_DEPLOYMENT_TARGET = 17.0;
				LOCALIZATION_PREFERS_STRING_CATALOGS = YES;
				MTL_ENABLE_DEBUG_INFO = NO;
				MTL_FAST_MATH = YES;
				SDKROOT = iphoneos;
				SWIFT_COMPILATION_MODE = wholemodule;
				VALIDATE_PRODUCT = YES;
			};
			name = Release;
		};
		1C8DFD2C2B52202D003B7233 /* Debug */ = {
			isa = XCBuildConfiguration;
			buildSettings = {
				ASSETCATALOG_COMPILER_APPICON_NAME = AppIcon;
				ASSETCATALOG_COMPILER_GLOBAL_ACCENT_COLOR_NAME = AccentColor;
				CODE_SIGN_STYLE = Automatic;
				CURRENT_PROJECT_VERSION = 1;
				DEVELOPMENT_ASSET_PATHS = "\"Folio/Preview Content\"";
				ENABLE_PREVIEWS = YES;
				GENERATE_INFOPLIST_FILE = YES;
				INFOPLIST_KEY_CFBundleDisplayName = "";
				"INFOPLIST_KEY_CFBundleDisplayName[sdk=iphoneos*]" = Folio;
				INFOPLIST_KEY_UIApplicationSceneManifest_Generation = YES;
				INFOPLIST_KEY_UIApplicationSupportsIndirectInputEvents = YES;
				INFOPLIST_KEY_UILaunchScreen_Generation = YES;
				INFOPLIST_KEY_UISupportedInterfaceOrientations_iPad = "UIInterfaceOrientationPortrait UIInterfaceOrientationPortraitUpsideDown UIInterfaceOrientationLandscapeLeft UIInterfaceOrientationLandscapeRight";
				INFOPLIST_KEY_UISupportedInterfaceOrientations_iPhone = "UIInterfaceOrientationPortrait UIInterfaceOrientationLandscapeLeft UIInterfaceOrientationLandscapeRight";
				LD_RUNPATH_SEARCH_PATHS = (
					"$(inherited)",
					"@executable_path/Frameworks",
				);
				MARKETING_VERSION = 1.0;
				PRODUCT_BUNDLE_IDENTIFIER = hailey.Folio;
				PRODUCT_NAME = Folio;
				SWIFT_EMIT_LOC_STRINGS = YES;
				SWIFT_VERSION = 5.0;
				TARGETED_DEVICE_FAMILY = "1,2";
			};
			name = Debug;
		};
		1C8DFD2D2B52202D003B7233 /* Release */ = {
			isa = XCBuildConfiguration;
			buildSettings = {
				ASSETCATALOG_COMPILER_APPICON_NAME = AppIcon;
				ASSETCATALOG_COMPILER_GLOBAL_ACCENT_COLOR_NAME = AccentColor;
				CODE_SIGN_STYLE = Automatic;
				CURRENT_PROJECT_VERSION = 1;
				DEVELOPMENT_ASSET_PATHS = "\"Folio/Preview Content\"";
				ENABLE_PREVIEWS = YES;
				GENERATE_INFOPLIST_FILE = YES;
				INFOPLIST_KEY_CFBundleDisplayName = "";
				INFOPLIST_KEY_UIApplicationSceneManifest_Generation = YES;
				INFOPLIST_KEY_UIApplicationSupportsIndirectInputEvents = YES;
				INFOPLIST_KEY_UILaunchScreen_Generation = YES;
				INFOPLIST_KEY_UISupportedInterfaceOrientations_iPad = "UIInterfaceOrientationPortrait UIInterfaceOrientationPortraitUpsideDown UIInterfaceOrientationLandscapeLeft UIInterfaceOrientationLandscapeRight";
				INFOPLIST_KEY_UISupportedInterfaceOrientations_iPhone = "UIInterfaceOrientationPortrait UIInterfaceOrientationLandscapeLeft UIInterfaceOrientationLandscapeRight";
				LD_RUNPATH_SEARCH_PATHS = (
					"$(inherited)",
					"@executable_path/Frameworks",
				);
				MARKETING_VERSION = 1.0;
				PRODUCT_BUNDLE_IDENTIFIER = hailey.Folio;
				PRODUCT_NAME = Folio;
				SWIFT_EMIT_LOC_STRINGS = YES;
				SWIFT_VERSION = 5.0;
				TARGETED_DEVICE_FAMILY = "1,2";
			};
			name = Release;
		};
		1C8DFD2F2B52202D003B7233 /* Debug */ = {
			isa = XCBuildConfiguration;
			buildSettings = {
				ALWAYS_EMBED_SWIFT_STANDARD_LIBRARIES = YES;
				BUNDLE_LOADER = "$(TEST_HOST)";
				CODE_SIGN_STYLE = Automatic;
				CURRENT_PROJECT_VERSION = 1;
				GENERATE_INFOPLIST_FILE = YES;
				IPHONEOS_DEPLOYMENT_TARGET = 17.0;
				MARKETING_VERSION = 1.0;
				PRODUCT_BUNDLE_IDENTIFIER = hailey.JaleoTests;
				PRODUCT_NAME = "$(TARGET_NAME)";
				SWIFT_EMIT_LOC_STRINGS = NO;
				SWIFT_VERSION = 5.0;
				TARGETED_DEVICE_FAMILY = "1,2";
				TEST_HOST = "$(BUILT_PRODUCTS_DIR)/Folio.app/$(BUNDLE_EXECUTABLE_FOLDER_PATH)/Folio";
			};
			name = Debug;
		};
		1C8DFD302B52202D003B7233 /* Release */ = {
			isa = XCBuildConfiguration;
			buildSettings = {
				ALWAYS_EMBED_SWIFT_STANDARD_LIBRARIES = YES;
				BUNDLE_LOADER = "$(TEST_HOST)";
				CODE_SIGN_STYLE = Automatic;
				CURRENT_PROJECT_VERSION = 1;
				GENERATE_INFOPLIST_FILE = YES;
				IPHONEOS_DEPLOYMENT_TARGET = 17.0;
				MARKETING_VERSION = 1.0;
				PRODUCT_BUNDLE_IDENTIFIER = hailey.JaleoTests;
				PRODUCT_NAME = "$(TARGET_NAME)";
				SWIFT_EMIT_LOC_STRINGS = NO;
				SWIFT_VERSION = 5.0;
				TARGETED_DEVICE_FAMILY = "1,2";
				TEST_HOST = "$(BUILT_PRODUCTS_DIR)/Folio.app/$(BUNDLE_EXECUTABLE_FOLDER_PATH)/Folio";
			};
			name = Release;
		};
		1C8DFD322B52202D003B7233 /* Debug */ = {
			isa = XCBuildConfiguration;
			buildSettings = {
				ALWAYS_EMBED_SWIFT_STANDARD_LIBRARIES = YES;
				CODE_SIGN_STYLE = Automatic;
				CURRENT_PROJECT_VERSION = 1;
				GENERATE_INFOPLIST_FILE = YES;
				MARKETING_VERSION = 1.0;
				PRODUCT_BUNDLE_IDENTIFIER = hailey.JaleoUITests;
				PRODUCT_NAME = "$(TARGET_NAME)";
				SWIFT_EMIT_LOC_STRINGS = NO;
				SWIFT_VERSION = 5.0;
				TARGETED_DEVICE_FAMILY = "1,2";
				TEST_TARGET_NAME = Jaleo;
			};
			name = Debug;
		};
		1C8DFD332B52202D003B7233 /* Release */ = {
			isa = XCBuildConfiguration;
			buildSettings = {
				ALWAYS_EMBED_SWIFT_STANDARD_LIBRARIES = YES;
				CODE_SIGN_STYLE = Automatic;
				CURRENT_PROJECT_VERSION = 1;
				GENERATE_INFOPLIST_FILE = YES;
				MARKETING_VERSION = 1.0;
				PRODUCT_BUNDLE_IDENTIFIER = hailey.JaleoUITests;
				PRODUCT_NAME = "$(TARGET_NAME)";
				SWIFT_EMIT_LOC_STRINGS = NO;
				SWIFT_VERSION = 5.0;
				TARGETED_DEVICE_FAMILY = "1,2";
				TEST_TARGET_NAME = Jaleo;
			};
			name = Release;
		};
/* End XCBuildConfiguration section */

/* Begin XCConfigurationList section */
		1C8DFD022B522023003B7233 /* Build configuration list for PBXProject "Folio" */ = {
			isa = XCConfigurationList;
			buildConfigurations = (
				1C8DFD292B52202D003B7233 /* Debug */,
				1C8DFD2A2B52202D003B7233 /* Release */,
			);
			defaultConfigurationIsVisible = 0;
			defaultConfigurationName = Release;
		};
		1C8DFD2B2B52202D003B7233 /* Build configuration list for PBXNativeTarget "Folio" */ = {
			isa = XCConfigurationList;
			buildConfigurations = (
				1C8DFD2C2B52202D003B7233 /* Debug */,
				1C8DFD2D2B52202D003B7233 /* Release */,
			);
			defaultConfigurationIsVisible = 0;
			defaultConfigurationName = Release;
		};
		1C8DFD2E2B52202D003B7233 /* Build configuration list for PBXNativeTarget "FolioTests" */ = {
			isa = XCConfigurationList;
			buildConfigurations = (
				1C8DFD2F2B52202D003B7233 /* Debug */,
				1C8DFD302B52202D003B7233 /* Release */,
			);
			defaultConfigurationIsVisible = 0;
			defaultConfigurationName = Release;
		};
		1C8DFD312B52202D003B7233 /* Build configuration list for PBXNativeTarget "FolioUITests" */ = {
			isa = XCConfigurationList;
			buildConfigurations = (
				1C8DFD322B52202D003B7233 /* Debug */,
				1C8DFD332B52202D003B7233 /* Release */,
			);
			defaultConfigurationIsVisible = 0;
			defaultConfigurationName = Release;
		};
/* End XCConfigurationList section */

/* Begin XCRemoteSwiftPackageReference section */
		1C8DFD382B522348003B7233 /* XCRemoteSwiftPackageReference "firebase-ios-sdk" */ = {
			isa = XCRemoteSwiftPackageReference;
			repositoryURL = "https://github.com/firebase/firebase-ios-sdk";
			requirement = {
				kind = upToNextMajorVersion;
				minimumVersion = 10.19.1;
			};
		};
/* End XCRemoteSwiftPackageReference section */

/* Begin XCSwiftPackageProductDependency section */
		1C8DFD392B522348003B7233 /* FirebaseAnalytics */ = {
			isa = XCSwiftPackageProductDependency;
			package = 1C8DFD382B522348003B7233 /* XCRemoteSwiftPackageReference "firebase-ios-sdk" */;
			productName = FirebaseAnalytics;
		};
		1C8DFD3B2B522348003B7233 /* FirebaseAnalyticsSwift */ = {
			isa = XCSwiftPackageProductDependency;
			package = 1C8DFD382B522348003B7233 /* XCRemoteSwiftPackageReference "firebase-ios-sdk" */;
			productName = FirebaseAnalyticsSwift;
		};
		1C8DFD3D2B522348003B7233 /* FirebaseAuth */ = {
			isa = XCSwiftPackageProductDependency;
			package = 1C8DFD382B522348003B7233 /* XCRemoteSwiftPackageReference "firebase-ios-sdk" */;
			productName = FirebaseAuth;
		};
		1C8DFD3F2B522348003B7233 /* FirebaseCrashlytics */ = {
			isa = XCSwiftPackageProductDependency;
			package = 1C8DFD382B522348003B7233 /* XCRemoteSwiftPackageReference "firebase-ios-sdk" */;
			productName = FirebaseCrashlytics;
		};
		1C8DFD412B522348003B7233 /* FirebaseDatabase */ = {
			isa = XCSwiftPackageProductDependency;
			package = 1C8DFD382B522348003B7233 /* XCRemoteSwiftPackageReference "firebase-ios-sdk" */;
			productName = FirebaseDatabase;
		};
		1C8DFD432B522348003B7233 /* FirebaseDatabaseSwift */ = {
			isa = XCSwiftPackageProductDependency;
			package = 1C8DFD382B522348003B7233 /* XCRemoteSwiftPackageReference "firebase-ios-sdk" */;
			productName = FirebaseDatabaseSwift;
		};
		1C8DFD452B522348003B7233 /* FirebaseMessaging */ = {
			isa = XCSwiftPackageProductDependency;
			package = 1C8DFD382B522348003B7233 /* XCRemoteSwiftPackageReference "firebase-ios-sdk" */;
			productName = FirebaseMessaging;
		};
		1CD942372B61F0DF0022D119 /* FirebaseFirestore */ = {
			isa = XCSwiftPackageProductDependency;
			package = 1C8DFD382B522348003B7233 /* XCRemoteSwiftPackageReference "firebase-ios-sdk" */;
			productName = FirebaseFirestore;
		};
		1CD942392B61F0E70022D119 /* FirebaseFirestoreSwift */ = {
			isa = XCSwiftPackageProductDependency;
			package = 1C8DFD382B522348003B7233 /* XCRemoteSwiftPackageReference "firebase-ios-sdk" */;
			productName = FirebaseFirestoreSwift;
		};
/* End XCSwiftPackageProductDependency section */
	};
	rootObject = 1C8DFCFF2B522023003B7233 /* Project object */;
}
